
Microsoft Visual Studio Solution File, Format Version 12.00
# Visual Studio Version 16
VisualStudioVersion = 16.0.30907.101
MinimumVisualStudioVersion = 10.0.40219.1
Project("{FAE04EC0-301F-11D3-BF4B-00C04F79EFBC}") = "DataAccess", "DataAccess\DataAccess.csproj", "{069371E3-DB56-44A0-8702-D784508CBE5C}"
EndProject
Project("{FAE04EC0-301F-11D3-BF4B-00C04F79EFBC}") = "Business", "Business\Business.csproj", "{1EFF1289-D27A-43FC-B18B-3938B583C25D}"
EndProject
Project("{FAE04EC0-301F-11D3-BF4B-00C04F79EFBC}") = "Entities", "Entities\Entities.csproj", "{137AE7F6-9167-4E82-8534-449774644AC0}"
EndProject
Project("{FAE04EC0-301F-11D3-BF4B-00C04F79EFBC}") = "ConsoleUI", "ConsoleUI\ConsoleUI.csproj", "{1835AE0B-995D-4840-9A79-F44C1FD850B4}"
EndProject
Global
	GlobalSection(SolutionConfigurationPlatforms) = preSolution
		Debug|Any CPU = Debug|Any CPU
		Release|Any CPU = Release|Any CPU
	EndGlobalSection
	GlobalSection(ProjectConfigurationPlatforms) = postSolution
		{069371E3-DB56-44A0-8702-D784508CBE5C}.Debug|Any CPU.ActiveCfg = Debug|Any CPU
		{069371E3-DB56-44A0-8702-D784508CBE5C}.Debug|Any CPU.Build.0 = Debug|Any CPU
		{069371E3-DB56-44A0-8702-D784508CBE5C}.Release|Any CPU.ActiveCfg = Release|Any CPU
		{069371E3-DB56-44A0-8702-D784508CBE5C}.Release|Any CPU.Build.0 = Release|Any CPU
		{1EFF1289-D27A-43FC-B18B-3938B583C25D}.Debug|Any CPU.ActiveCfg = Debug|Any CPU
		{1EFF1289-D27A-43FC-B18B-3938B583C25D}.Debug|Any CPU.Build.0 = Debug|Any CPU
		{1EFF1289-D27A-43FC-B18B-3938B583C25D}.Release|Any CPU.ActiveCfg = Release|Any CPU
		{1EFF1289-D27A-43FC-B18B-3938B583C25D}.Release|Any CPU.Build.0 = Release|Any CPU
		{137AE7F6-9167-4E82-8534-449774644AC0}.Debug|Any CPU.ActiveCfg = Debug|Any CPU
		{137AE7F6-9167-4E82-8534-449774644AC0}.Debug|Any CPU.Build.0 = Debug|Any CPU
		{137AE7F6-9167-4E82-8534-449774644AC0}.Release|Any CPU.ActiveCfg = Release|Any CPU
		{137AE7F6-9167-4E82-8534-449774644AC0}.Release|Any CPU.Build.0 = Release|Any CPU
		{1835AE0B-995D-4840-9A79-F44C1FD850B4}.Debug|Any CPU.ActiveCfg = Debug|Any CPU
		{1835AE0B-995D-4840-9A79-F44C1FD850B4}.Debug|Any CPU.Build.0 = Debug|Any CPU
		{1835AE0B-995D-4840-9A79-F44C1FD850B4}.Release|Any CPU.ActiveCfg = Release|Any CPU
		{1835AE0B-995D-4840-9A79-F44C1FD850B4}.Release|Any CPU.Build.0 = Release|Any CPU
	EndGlobalSection
	GlobalSection(SolutionProperties) = preSolution
		HideSolutionNode = FALSE
	EndGlobalSection
	GlobalSection(ExtensibilityGlobals) = postSolution
		SolutionGuid = {4CEAA06E-4979-4D46-901E-C4F8FA5C3E67}
	EndGlobalSection
EndGlobal
